
Microsoft Visual Studio Solution File, Format Version 12.00
# Visual Studio Version 17
VisualStudioVersion = 17.14.36414.22
MinimumVisualStudioVersion = 10.0.40219.1
Project("{FAE04EC0-301F-11D3-BF4B-00C04F79EFBC}") = "AwardQuick", "AwardQuick.csproj", "{8807AF42-B581-4533-96BB-8BFB5CB43C7A}"
EndProject
Project("{FAE04EC0-301F-11D3-BF4B-00C04F79EFBC}") = "PdfFormFramework", "..\..\PdfFormFramework\PdfFormFramework\PdfFormFramework.csproj", "{F288FAF4-3612-64C0-3BAB-9CA20E5656D6}"
EndProject
Global
	GlobalSection(SolutionConfigurationPlatforms) = preSolution
		Debug|Any CPU = Debug|Any CPU
		Release|Any CPU = Release|Any CPU
	EndGlobalSection
	GlobalSection(ProjectConfigurationPlatforms) = postSolution
		{8807AF42-B581-4533-96BB-8BFB5CB43C7A}.Debug|Any CPU.ActiveCfg = Debug|Any CPU
		{8807AF42-B581-4533-96BB-8BFB5CB43C7A}.Debug|Any CPU.Build.0 = Debug|Any CPU
		{8807AF42-B581-4533-96BB-8BFB5CB43C7A}.Release|Any CPU.ActiveCfg = Release|Any CPU
		{8807AF42-B581-4533-96BB-8BFB5CB43C7A}.Release|Any CPU.Build.0 = Release|Any CPU
		{F288FAF4-3612-64C0-3BAB-9CA20E5656D6}.Debug|Any CPU.ActiveCfg = Debug|Any CPU
		{F288FAF4-3612-64C0-3BAB-9CA20E5656D6}.Debug|Any CPU.Build.0 = Debug|Any CPU
		{F288FAF4-3612-64C0-3BAB-9CA20E5656D6}.Release|Any CPU.ActiveCfg = Release|Any CPU
		{F288FAF4-3612-64C0-3BAB-9CA20E5656D6}.Release|Any CPU.Build.0 = Release|Any CPU
	EndGlobalSection
	GlobalSection(SolutionProperties) = preSolution
		HideSolutionNode = FALSE
	EndGlobalSection
	GlobalSection(ExtensibilityGlobals) = postSolution
		SolutionGuid = {2F009E2E-4E28-4CA1-A1A1-A04C1461A45E}
	EndGlobalSection
EndGlobal
